
Microsoft Visual Studio Solution File, Format Version 12.00
Project("{FAE04EC0-301F-11D3-BF4B-00C04F79EFBC}") = "ShapeAreaCalculator", "ShapeAreaCalculator\ShapeAreaCalculator.csproj", "{315AEA70-82FA-4736-9616-C6527CF9B6C7}"
EndProject
Project("{FAE04EC0-301F-11D3-BF4B-00C04F79EFBC}") = "ShapeAreaCalculator.Tests", "ShapeAreaCalculator.Tests\ShapeAreaCalculator.Tests.csproj", "{102E9BEE-1825-4A68-A021-0FE05D6372A7}"
EndProject
Global
	GlobalSection(SolutionConfigurationPlatforms) = preSolution
		Debug|Any CPU = Debug|Any CPU
		Release|Any CPU = Release|Any CPU
	EndGlobalSection
	GlobalSection(ProjectConfigurationPlatforms) = postSolution
		{315AEA70-82FA-4736-9616-C6527CF9B6C7}.Debug|Any CPU.ActiveCfg = Debug|Any CPU
		{315AEA70-82FA-4736-9616-C6527CF9B6C7}.Debug|Any CPU.Build.0 = Debug|Any CPU
		{315AEA70-82FA-4736-9616-C6527CF9B6C7}.Release|Any CPU.ActiveCfg = Release|Any CPU
		{315AEA70-82FA-4736-9616-C6527CF9B6C7}.Release|Any CPU.Build.0 = Release|Any CPU
		{102E9BEE-1825-4A68-A021-0FE05D6372A7}.Debug|Any CPU.ActiveCfg = Debug|Any CPU
		{102E9BEE-1825-4A68-A021-0FE05D6372A7}.Debug|Any CPU.Build.0 = Debug|Any CPU
		{102E9BEE-1825-4A68-A021-0FE05D6372A7}.Release|Any CPU.ActiveCfg = Release|Any CPU
		{102E9BEE-1825-4A68-A021-0FE05D6372A7}.Release|Any CPU.Build.0 = Release|Any CPU
	EndGlobalSection
EndGlobal
